
Microsoft Visual Studio Solution File, Format Version 12.00
# Visual Studio Version 17
VisualStudioVersion = 17.1.32407.343
MinimumVisualStudioVersion = 10.0.40219.1
Project("{9A19103F-16F7-4668-BE54-9A1E7A4F7556}") = "LenchikSite", "LenchikSite\LenchikSite.csproj", "{FE513C03-C4A1-47BB-9E03-BEB9675B0BB2}"
EndProject
Global
	GlobalSection(SolutionConfigurationPlatforms) = preSolution
		Debug|Any CPU = Debug|Any CPU
		Release|Any CPU = Release|Any CPU
	EndGlobalSection
	GlobalSection(ProjectConfigurationPlatforms) = postSolution
		{FE513C03-C4A1-47BB-9E03-BEB9675B0BB2}.Debug|Any CPU.ActiveCfg = Debug|Any CPU
		{FE513C03-C4A1-47BB-9E03-BEB9675B0BB2}.Debug|Any CPU.Build.0 = Debug|Any CPU
		{FE513C03-C4A1-47BB-9E03-BEB9675B0BB2}.Release|Any CPU.ActiveCfg = Release|Any CPU
		{FE513C03-C4A1-47BB-9E03-BEB9675B0BB2}.Release|Any CPU.Build.0 = Release|Any CPU
	EndGlobalSection
	GlobalSection(SolutionProperties) = preSolution
		HideSolutionNode = FALSE
	EndGlobalSection
	GlobalSection(ExtensibilityGlobals) = postSolution
		SolutionGuid = {B53DF33A-A956-4A64-9972-19786275B4E5}
	EndGlobalSection
EndGlobal
